
Microsoft Visual Studio Solution File, Format Version 12.00
# Visual Studio 15
VisualStudioVersion = 15.0.27428.2037
MinimumVisualStudioVersion = 10.0.40219.1
Project("{FAE04EC0-301F-11D3-BF4B-00C04F79EFBC}") = "NoSql.Repository.Interfaces", "NoSql.Repository.Interfaces\NoSql.Repository.Interfaces.csproj", "{2D1ED16D-6C38-4A75-B0F8-863A3CE9E317}"
EndProject
Project("{FAE04EC0-301F-11D3-BF4B-00C04F79EFBC}") = "NoSql.Repository.MongoDb", "NoSql.Repository.MongoDb\NoSql.Repository.MongoDb.csproj", "{6AD9A6BE-E0D9-4F32-B367-43A13D8AD22B}"
EndProject
Global
	GlobalSection(SolutionConfigurationPlatforms) = preSolution
		Debug|Any CPU = Debug|Any CPU
		Release|Any CPU = Release|Any CPU
	EndGlobalSection
	GlobalSection(ProjectConfigurationPlatforms) = postSolution
		{2D1ED16D-6C38-4A75-B0F8-863A3CE9E317}.Debug|Any CPU.ActiveCfg = Debug|Any CPU
		{2D1ED16D-6C38-4A75-B0F8-863A3CE9E317}.Debug|Any CPU.Build.0 = Debug|Any CPU
		{2D1ED16D-6C38-4A75-B0F8-863A3CE9E317}.Release|Any CPU.ActiveCfg = Release|Any CPU
		{2D1ED16D-6C38-4A75-B0F8-863A3CE9E317}.Release|Any CPU.Build.0 = Release|Any CPU
		{6AD9A6BE-E0D9-4F32-B367-43A13D8AD22B}.Debug|Any CPU.ActiveCfg = Debug|Any CPU
		{6AD9A6BE-E0D9-4F32-B367-43A13D8AD22B}.Debug|Any CPU.Build.0 = Debug|Any CPU
		{6AD9A6BE-E0D9-4F32-B367-43A13D8AD22B}.Release|Any CPU.ActiveCfg = Release|Any CPU
		{6AD9A6BE-E0D9-4F32-B367-43A13D8AD22B}.Release|Any CPU.Build.0 = Release|Any CPU
	EndGlobalSection
	GlobalSection(SolutionProperties) = preSolution
		HideSolutionNode = FALSE
	EndGlobalSection
	GlobalSection(ExtensibilityGlobals) = postSolution
		SolutionGuid = {68B1BF97-EFA9-40EF-9ACF-301B86D3A5FD}
	EndGlobalSection
EndGlobal
