
Microsoft Visual Studio Solution File, Format Version 12.00
# Visual Studio 15
VisualStudioVersion = 15.0.27428.2037
MinimumVisualStudioVersion = 10.0.40219.1
Project("{9A19103F-16F7-4668-BE54-9A1E7A4F7556}") = "NoSql.Repository.Interfaces", "NoSql.Repository.Interfaces\NoSql.Repository.Interfaces.csproj", "{2D1ED16D-6C38-4A75-B0F8-863A3CE9E317}"
EndProject
Project("{9A19103F-16F7-4668-BE54-9A1E7A4F7556}") = "NoSql.Repository.MongoDb", "NoSql.Repository.MongoDb\NoSql.Repository.MongoDb.csproj", "{6AD9A6BE-E0D9-4F32-B367-43A13D8AD22B}"
EndProject
Project("{2150E333-8FDC-42A3-9474-1A3956D46DE8}") = "Tests", "Tests", "{422E2F9F-00DB-4EE1-B7B5-236937C5DA2F}"
EndProject
Project("{9A19103F-16F7-4668-BE54-9A1E7A4F7556}") = "NoSql.Repository.MongoDb.UnitTests", "..\tests\NoSql.Repository.MongoDb.UnitTests\NoSql.Repository.MongoDb.UnitTests.csproj", "{2736C21F-872C-4C97-8670-6ECAF3CCCD19}"
EndProject
Project("{9A19103F-16F7-4668-BE54-9A1E7A4F7556}") = "NoSql.Repository.MongoDb.IntegrationTests", "..\tests\NoSql.Repository.MongoDb.IntegrationTests\NoSql.Repository.MongoDb.IntegrationTests.csproj", "{D69CC1BF-1F53-433E-8CDC-93FEB5585556}"
EndProject
Project("{2150E333-8FDC-42A3-9474-1A3956D46DE8}") = "samples", "samples", "{5841119B-4087-4986-AF67-2902556B6E5B}"
EndProject
Project("{9A19103F-16F7-4668-BE54-9A1E7A4F7556}") = "WebSite", "..\samples\WebSite\WebSite.csproj", "{F5DC0CEC-A8A3-4723-9FBC-48DF89957F79}"
EndProject
Project("{9A19103F-16F7-4668-BE54-9A1E7A4F7556}") = "NoSql.Repository.MongoDb.IdentityProvider", "NoSql.Repository.MongoDb.IdentityProvider\NoSql.Repository.MongoDb.IdentityProvider.csproj", "{13402A12-B2E5-4E9D-AC7D-831D06BA14FE}"
EndProject
Project("{9A19103F-16F7-4668-BE54-9A1E7A4F7556}") = "NoSql.Repository.MongoDb.Identity.Stores", "NoSql.Repository.MongoDb.Identity.Stores\NoSql.Repository.MongoDb.Identity.Stores.csproj", "{92D3B580-F60A-47AD-9EC4-3288F14853DF}"
EndProject
Project("{FAE04EC0-301F-11D3-BF4B-00C04F79EFBC}") = "NoSql.Repository.MongoDb.All", "NoSql.Repository.MongoDb.All\NoSql.Repository.MongoDb.All.csproj", "{565D6D74-ECB9-4BB6-A6F3-5CF3A52B5BB3}"
EndProject
Global
	GlobalSection(SolutionConfigurationPlatforms) = preSolution
		Debug|Any CPU = Debug|Any CPU
		Release|Any CPU = Release|Any CPU
	EndGlobalSection
	GlobalSection(ProjectConfigurationPlatforms) = postSolution
		{2D1ED16D-6C38-4A75-B0F8-863A3CE9E317}.Debug|Any CPU.ActiveCfg = Debug|Any CPU
		{2D1ED16D-6C38-4A75-B0F8-863A3CE9E317}.Debug|Any CPU.Build.0 = Debug|Any CPU
		{2D1ED16D-6C38-4A75-B0F8-863A3CE9E317}.Release|Any CPU.ActiveCfg = Release|Any CPU
		{2D1ED16D-6C38-4A75-B0F8-863A3CE9E317}.Release|Any CPU.Build.0 = Release|Any CPU
		{6AD9A6BE-E0D9-4F32-B367-43A13D8AD22B}.Debug|Any CPU.ActiveCfg = Debug|Any CPU
		{6AD9A6BE-E0D9-4F32-B367-43A13D8AD22B}.Debug|Any CPU.Build.0 = Debug|Any CPU
		{6AD9A6BE-E0D9-4F32-B367-43A13D8AD22B}.Release|Any CPU.ActiveCfg = Release|Any CPU
		{6AD9A6BE-E0D9-4F32-B367-43A13D8AD22B}.Release|Any CPU.Build.0 = Release|Any CPU
		{2736C21F-872C-4C97-8670-6ECAF3CCCD19}.Debug|Any CPU.ActiveCfg = Debug|Any CPU
		{2736C21F-872C-4C97-8670-6ECAF3CCCD19}.Debug|Any CPU.Build.0 = Debug|Any CPU
		{2736C21F-872C-4C97-8670-6ECAF3CCCD19}.Release|Any CPU.ActiveCfg = Release|Any CPU
		{2736C21F-872C-4C97-8670-6ECAF3CCCD19}.Release|Any CPU.Build.0 = Release|Any CPU
		{D69CC1BF-1F53-433E-8CDC-93FEB5585556}.Debug|Any CPU.ActiveCfg = Debug|Any CPU
		{D69CC1BF-1F53-433E-8CDC-93FEB5585556}.Debug|Any CPU.Build.0 = Debug|Any CPU
		{D69CC1BF-1F53-433E-8CDC-93FEB5585556}.Release|Any CPU.ActiveCfg = Release|Any CPU
		{D69CC1BF-1F53-433E-8CDC-93FEB5585556}.Release|Any CPU.Build.0 = Release|Any CPU
		{F5DC0CEC-A8A3-4723-9FBC-48DF89957F79}.Debug|Any CPU.ActiveCfg = Debug|Any CPU
		{F5DC0CEC-A8A3-4723-9FBC-48DF89957F79}.Debug|Any CPU.Build.0 = Debug|Any CPU
		{F5DC0CEC-A8A3-4723-9FBC-48DF89957F79}.Release|Any CPU.ActiveCfg = Release|Any CPU
		{F5DC0CEC-A8A3-4723-9FBC-48DF89957F79}.Release|Any CPU.Build.0 = Release|Any CPU
		{13402A12-B2E5-4E9D-AC7D-831D06BA14FE}.Debug|Any CPU.ActiveCfg = Debug|Any CPU
		{13402A12-B2E5-4E9D-AC7D-831D06BA14FE}.Debug|Any CPU.Build.0 = Debug|Any CPU
		{13402A12-B2E5-4E9D-AC7D-831D06BA14FE}.Release|Any CPU.ActiveCfg = Release|Any CPU
		{13402A12-B2E5-4E9D-AC7D-831D06BA14FE}.Release|Any CPU.Build.0 = Release|Any CPU
		{92D3B580-F60A-47AD-9EC4-3288F14853DF}.Debug|Any CPU.ActiveCfg = Debug|Any CPU
		{92D3B580-F60A-47AD-9EC4-3288F14853DF}.Debug|Any CPU.Build.0 = Debug|Any CPU
		{92D3B580-F60A-47AD-9EC4-3288F14853DF}.Release|Any CPU.ActiveCfg = Release|Any CPU
		{92D3B580-F60A-47AD-9EC4-3288F14853DF}.Release|Any CPU.Build.0 = Release|Any CPU
		{565D6D74-ECB9-4BB6-A6F3-5CF3A52B5BB3}.Debug|Any CPU.ActiveCfg = Debug|Any CPU
		{565D6D74-ECB9-4BB6-A6F3-5CF3A52B5BB3}.Debug|Any CPU.Build.0 = Debug|Any CPU
		{565D6D74-ECB9-4BB6-A6F3-5CF3A52B5BB3}.Release|Any CPU.ActiveCfg = Release|Any CPU
		{565D6D74-ECB9-4BB6-A6F3-5CF3A52B5BB3}.Release|Any CPU.Build.0 = Release|Any CPU
	EndGlobalSection
	GlobalSection(SolutionProperties) = preSolution
		HideSolutionNode = FALSE
	EndGlobalSection
	GlobalSection(NestedProjects) = preSolution
		{2736C21F-872C-4C97-8670-6ECAF3CCCD19} = {422E2F9F-00DB-4EE1-B7B5-236937C5DA2F}
		{D69CC1BF-1F53-433E-8CDC-93FEB5585556} = {422E2F9F-00DB-4EE1-B7B5-236937C5DA2F}
		{F5DC0CEC-A8A3-4723-9FBC-48DF89957F79} = {5841119B-4087-4986-AF67-2902556B6E5B}
	EndGlobalSection
	GlobalSection(ExtensibilityGlobals) = postSolution
		SolutionGuid = {68B1BF97-EFA9-40EF-9ACF-301B86D3A5FD}
	EndGlobalSection
EndGlobal
